
Microsoft Visual Studio Solution File, Format Version 12.00
# Visual Studio Version 17
VisualStudioVersion = 17.0.31903.59
MinimumVisualStudioVersion = 10.0.40219.1
Project("{FAE04EC0-301F-11D3-BF4B-00C04F79EFBC}") = "HomeworkMay13_BookmarkManager.Web", "HomeworkMay13_BookmarkManager.Web\HomeworkMay13_BookmarkManager.Web.csproj", "{5EC3D918-D147-4D16-931D-6140730197BC}"
EndProject
Project("{FAE04EC0-301F-11D3-BF4B-00C04F79EFBC}") = "HomeworkMay13_BookmarkManager.Data", "HomeworkMay13_BookmarkManager.Data\HomeworkMay13_BookmarkManager.Data.csproj", "{B2E4A972-1108-41CA-9C87-548205DCA242}"
EndProject
Global
	GlobalSection(SolutionConfigurationPlatforms) = preSolution
		Debug|Any CPU = Debug|Any CPU
		Release|Any CPU = Release|Any CPU
	EndGlobalSection
	GlobalSection(SolutionProperties) = preSolution
		HideSolutionNode = FALSE
	EndGlobalSection
	GlobalSection(ProjectConfigurationPlatforms) = postSolution
		{5EC3D918-D147-4D16-931D-6140730197BC}.Debug|Any CPU.ActiveCfg = Debug|Any CPU
		{5EC3D918-D147-4D16-931D-6140730197BC}.Debug|Any CPU.Build.0 = Debug|Any CPU
		{5EC3D918-D147-4D16-931D-6140730197BC}.Release|Any CPU.ActiveCfg = Release|Any CPU
		{5EC3D918-D147-4D16-931D-6140730197BC}.Release|Any CPU.Build.0 = Release|Any CPU
		{B2E4A972-1108-41CA-9C87-548205DCA242}.Debug|Any CPU.ActiveCfg = Debug|Any CPU
		{B2E4A972-1108-41CA-9C87-548205DCA242}.Debug|Any CPU.Build.0 = Debug|Any CPU
		{B2E4A972-1108-41CA-9C87-548205DCA242}.Release|Any CPU.ActiveCfg = Release|Any CPU
		{B2E4A972-1108-41CA-9C87-548205DCA242}.Release|Any CPU.Build.0 = Release|Any CPU
	EndGlobalSection
EndGlobal
